[root]
name = "dwemthys"
version = "0.0.1"
dependencies = [
 "tcod 0.4.3 (git+https://github.com/tomassedovic/tcod-rs.git)",
]

[[package]]
name = "bitflags"
version = "0.1.0"
source = "registry+https://github.com/rust-lang/crates.io-index"

[[package]]
name = "tcod"
version = "0.4.3"
source = "git+https://github.com/tomassedovic/tcod-rs.git#7592ed6dd3b8f8ea5c670badacd9b8c790f6bce6"
dependencies = [
 "bitflags 0.1.0 (registry+https://github.com/rust-lang/crates.io-index)",
 "tcod-sys 2.0.0 (git+https://github.com/tomassedovic/tcod-rs.git)",
]

[[package]]
name = "tcod-sys"
version = "2.0.0"
source = "git+https://github.com/tomassedovic/tcod-rs.git#7592ed6dd3b8f8ea5c670badacd9b8c790f6bce6"

